<?xml version="1.0" encoding="utf-8"?>
<Project ToolsVersion="4.0" xmlns="http://schemas.microsoft.com/developer/msbuild/2003">
  <ItemGroup>
    <Filter Include="リソース ファイル">
      <UniqueIdentifier>{67DA6AB6-F800-4c08-8B7A-83BB121AAD01}</UniqueIdentifier>
      <Extensions>rc;ico;cur;bmp;dlg;rc2;rct;bin;rgs;gif;jpg;jpeg;jpe;resx;tiff;tif;png;wav;mfcribbon-ms</Extensions>
    </Filter>
    <Filter Include="Device">
      <UniqueIdentifier>{83ad8f97-1762-457c-93b4-6d57ba9777d2}</UniqueIdentifier>
    </Filter>
    <Filter Include="Gimmick">
      <UniqueIdentifier>{5dc11de3-68d2-412e-aaad-8eece62c7da8}</UniqueIdentifier>
    </Filter>
    <Filter Include="Object">
      <UniqueIdentifier>{13f90229-5673-4496-9a9e-fdd9565f88f6}</UniqueIdentifier>
    </Filter>
    <Filter Include="Object\Skill">
      <UniqueIdentifier>{d8d150a7-a84c-468e-8a4d-ba5fbb323f3d}</UniqueIdentifier>
    </Filter>
    <Filter Include="Scene">
      <UniqueIdentifier>{d7906db9-256b-4e89-8f6d-9eb77ae023f2}</UniqueIdentifier>
    </Filter>
    <Filter Include="Target">
      <UniqueIdentifier>{960ab4e0-1844-484c-9361-91d3476f2f31}</UniqueIdentifier>
    </Filter>
    <Filter Include="Common">
      <UniqueIdentifier>{c53a4256-df3c-451c-9460-71b42439d78c}</UniqueIdentifier>
    </Filter>
  </ItemGroup>
  <ItemGroup>
    <ClCompile Include="Device\DirectX.cpp">
      <Filter>Device</Filter>
    </ClCompile>
    <ClCompile Include="Device\SoundOperater.cpp">
      <Filter>Device</Filter>
    </ClCompile>
    <ClCompile Include="Device\XinputDevice.cpp">
      <Filter>Device</Filter>
    </ClCompile>
    <ClCompile Include="Gimmick\BaseGimmick.cpp">
      <Filter>Gimmick</Filter>
    </ClCompile>
    <ClCompile Include="Gimmick\FallRock.cpp">
      <Filter>Gimmick</Filter>
    </ClCompile>
    <ClCompile Include="Gimmick\PartitionBoard.cpp">
      <Filter>Gimmick</Filter>
    </ClCompile>
    <ClCompile Include="Gimmick\Water.cpp">
      <Filter>Gimmick</Filter>
    </ClCompile>
    <ClCompile Include="Object\DescriptionBoard.cpp">
      <Filter>Object</Filter>
    </ClCompile>
    <ClCompile Include="Object\GameChara.cpp">
      <Filter>Object</Filter>
    </ClCompile>
    <ClCompile Include="Object\MapChip.cpp">
      <Filter>Object</Filter>
    </ClCompile>
    <ClCompile Include="Object\MapReverse.cpp">
      <Filter>Object</Filter>
    </ClCompile>
    <ClCompile Include="Object\Object.cpp">
      <Filter>Object</Filter>
    </ClCompile>
    <ClCompile Include="Object\SkillSelect.cpp">
      <Filter>Object</Filter>
    </ClCompile>
    <ClCompile Include="Object\TitleCursol.cpp">
      <Filter>Object</Filter>
    </ClCompile>
    <ClCompile Include="Object\Skill\ClawShot.cpp">
      <Filter>Object\Skill</Filter>
    </ClCompile>
    <ClCompile Include="Object\Skill\FireArt.cpp">
      <Filter>Object\Skill</Filter>
    </ClCompile>
    <ClCompile Include="Object\Skill\HighShuriken.cpp">
      <Filter>Object\Skill</Filter>
    </ClCompile>
    <ClCompile Include="Object\Skill\Shuriken.cpp">
      <Filter>Object\Skill</Filter>
    </ClCompile>
    <ClCompile Include="Object\Skill\SkillBase.cpp">
      <Filter>Object\Skill</Filter>
    </ClCompile>
    <ClCompile Include="Scene\PauseScene.cpp">
      <Filter>Scene</Filter>
    </ClCompile>
    <ClCompile Include="Target\BaseTarget.cpp">
      <Filter>Target</Filter>
    </ClCompile>
    <ClCompile Include="Target\Rope.cpp">
      <Filter>Target</Filter>
    </ClCompile>
    <ClCompile Include="Target\Switch.cpp">
      <Filter>Target</Filter>
    </ClCompile>
    <ClCompile Include="Target\Target.cpp">
      <Filter>Target</Filter>
    </ClCompile>
    <ClCompile Include="Target\Torch.cpp">
      <Filter>Target</Filter>
    </ClCompile>
    <ClCompile Include="Scene\GameScene.cpp">
      <Filter>Scene</Filter>
    </ClCompile>
    <ClCompile Include="Scene\Scene.cpp">
      <Filter>Scene</Filter>
    </ClCompile>
    <ClCompile Include="Scene\StageSelectScene.cpp">
      <Filter>Scene</Filter>
    </ClCompile>
    <ClCompile Include="Scene\VolumeSelectScene.cpp">
      <Filter>Scene</Filter>
    </ClCompile>
    <ClCompile Include="Scene\TitleScene.cpp">
      <Filter>Scene</Filter>
    </ClCompile>
    <ClCompile Include="Common\GameManager.cpp">
      <Filter>Common</Filter>
    </ClCompile>
    <ClCompile Include="Common\SceneManager.cpp">
      <Filter>Common</Filter>
    </ClCompile>
  </ItemGroup>
  <ItemGroup>
    <ClInclude Include="Device\DirectX.h">
      <Filter>Device</Filter>
    </ClInclude>
    <ClInclude Include="Device\SoundOperater.h">
      <Filter>Device</Filter>
    </ClInclude>
    <ClInclude Include="Device\XinputDevice.h">
      <Filter>Device</Filter>
    </ClInclude>
    <ClInclude Include="Gimmick\BaseGimmick.h">
      <Filter>Gimmick</Filter>
    </ClInclude>
    <ClInclude Include="Gimmick\FallRock.h">
      <Filter>Gimmick</Filter>
    </ClInclude>
    <ClInclude Include="Gimmick\PartitionBoard.h">
      <Filter>Gimmick</Filter>
    </ClInclude>
    <ClInclude Include="Gimmick\Water.h">
      <Filter>Gimmick</Filter>
    </ClInclude>
    <ClInclude Include="Object\DescriptionBoard.h">
      <Filter>Object</Filter>
    </ClInclude>
    <ClInclude Include="Object\GameChara.h">
      <Filter>Object</Filter>
    </ClInclude>
    <ClInclude Include="Object\MapChip.h">
      <Filter>Object</Filter>
    </ClInclude>
    <ClInclude Include="Object\MapReverse.h">
      <Filter>Object</Filter>
    </ClInclude>
    <ClInclude Include="Object\Object.h">
      <Filter>Object</Filter>
    </ClInclude>
    <ClInclude Include="Object\SkillSelect.h">
      <Filter>Object</Filter>
    </ClInclude>
    <ClInclude Include="Object\TitleCursol.h">
      <Filter>Object</Filter>
    </ClInclude>
    <ClInclude Include="Object\Skill\ClawShot.h">
      <Filter>Object\Skill</Filter>
    </ClInclude>
    <ClInclude Include="Object\Skill\FireArt.h">
      <Filter>Object\Skill</Filter>
    </ClInclude>
    <ClInclude Include="Object\Skill\HighShuriken.h">
      <Filter>Object\Skill</Filter>
    </ClInclude>
    <ClInclude Include="Object\Skill\Shuriken.h">
      <Filter>Object\Skill</Filter>
    </ClInclude>
    <ClInclude Include="Object\Skill\SkillBase.h">
      <Filter>Object\Skill</Filter>
    </ClInclude>
    <ClInclude Include="Scene\PauseScene.h">
      <Filter>Scene</Filter>
    </ClInclude>
    <ClInclude Include="Target\BaseTarget.h">
      <Filter>Target</Filter>
    </ClInclude>
    <ClInclude Include="Target\Rope.h">
      <Filter>Target</Filter>
    </ClInclude>
    <ClInclude Include="Target\Switch.h">
      <Filter>Target</Filter>
    </ClInclude>
    <ClInclude Include="Target\Target.h">
      <Filter>Target</Filter>
    </ClInclude>
    <ClInclude Include="Target\Torch.h">
      <Filter>Target</Filter>
    </ClInclude>
    <ClInclude Include="Scene\GameScene.h">
      <Filter>Scene</Filter>
    </ClInclude>
    <ClInclude Include="Scene\Scene.h">
      <Filter>Scene</Filter>
    </ClInclude>
    <ClInclude Include="Scene\StageSelectScene.h">
      <Filter>Scene</Filter>
    </ClInclude>
    <ClInclude Include="Scene\VolumeSelectScene.h">
      <Filter>Scene</Filter>
    </ClInclude>
    <ClInclude Include="Scene\TitleScene.h">
      <Filter>Scene</Filter>
    </ClInclude>
    <ClInclude Include="Common\BlockInfo.h">
      <Filter>Common</Filter>
    </ClInclude>
    <ClInclude Include="Common\GameManager.h">
      <Filter>Common</Filter>
    </ClInclude>
    <ClInclude Include="Common\SceneManager.h">
      <Filter>Common</Filter>
    </ClInclude>
    <ClInclude Include="Common\TargetandGimmickType.h">
      <Filter>Common</Filter>
    </ClInclude>
    <ClInclude Include="resource.h" />
  </ItemGroup>
  <ItemGroup>
    <ResourceCompile Include="NinjaResidence.rc">
      <Filter>リソース ファイル</Filter>
    </ResourceCompile>
  </ItemGroup>
  <ItemGroup>
    <Image Include="Resource\Texture\icon.ico">
      <Filter>リソース ファイル</Filter>
    </Image>
  </ItemGroup>
</Project>